
Microsoft Visual Studio Solution File, Format Version 11.00
# Visual Studio 2010
Project("{8BC9CEB8-8B4A-11D0-8D11-00A0C91BC942}") = "26", "26\26.vcxproj", "{2783E99B-3338-46AA-B923-9F1542F43A3F}"
EndProject
Global
	GlobalSection(SolutionConfigurationPlatforms) = preSolution
		Debug|Win32 = Debug|Win32
		Release|Win32 = Release|Win32
	EndGlobalSection
	GlobalSection(ProjectConfigurationPlatforms) = postSolution
		{2783E99B-3338-46AA-B923-9F1542F43A3F}.Debug|Win32.ActiveCfg = Debug|Win32
		{2783E99B-3338-46AA-B923-9F1542F43A3F}.Debug|Win32.Build.0 = Debug|Win32
		{2783E99B-3338-46AA-B923-9F1542F43A3F}.Release|Win32.ActiveCfg = Release|Win32
		{2783E99B-3338-46AA-B923-9F1542F43A3F}.Release|Win32.Build.0 = Release|Win32
	EndGlobalSection
	GlobalSection(SolutionProperties) = preSolution
		HideSolutionNode = FALSE
	EndGlobalSection
EndGlobal
