
Microsoft Visual Studio Solution File, Format Version 11.00
# Visual Studio 2010
Project("{8BC9CEB8-8B4A-11D0-8D11-00A0C91BC942}") = "9", "9\9.vcxproj", "{84F02D63-0435-4FF8-9DC0-109AF6171B81}"
EndProject
Global
	GlobalSection(SolutionConfigurationPlatforms) = preSolution
		Debug|Win32 = Debug|Win32
		Release|Win32 = Release|Win32
	EndGlobalSection
	GlobalSection(ProjectConfigurationPlatforms) = postSolution
		{84F02D63-0435-4FF8-9DC0-109AF6171B81}.Debug|Win32.ActiveCfg = Debug|Win32
		{84F02D63-0435-4FF8-9DC0-109AF6171B81}.Debug|Win32.Build.0 = Debug|Win32
		{84F02D63-0435-4FF8-9DC0-109AF6171B81}.Release|Win32.ActiveCfg = Release|Win32
		{84F02D63-0435-4FF8-9DC0-109AF6171B81}.Release|Win32.Build.0 = Release|Win32
	EndGlobalSection
	GlobalSection(SolutionProperties) = preSolution
		HideSolutionNode = FALSE
	EndGlobalSection
EndGlobal
